
Microsoft Visual Studio Solution File, Format Version 11.00
# Visual Studio 2010
Project("{FAE04EC0-301F-11D3-BF4B-00C04F79EFBC}") = "After the good man.123", "Assembly-CSharp.csproj", "{DAE27C7D-3BF5-0DA4-A4D1-E12DD069B217}"
EndProject
Global
	GlobalSection(SolutionConfigurationPlatforms) = preSolution
		Debug|Any CPU = Debug|Any CPU
		Release|Any CPU = Release|Any CPU
	EndGlobalSection
	GlobalSection(ProjectConfigurationPlatforms) = postSolution
		{DAE27C7D-3BF5-0DA4-A4D1-E12DD069B217}.Debug|Any CPU.ActiveCfg = Debug|Any CPU
		{DAE27C7D-3BF5-0DA4-A4D1-E12DD069B217}.Debug|Any CPU.Build.0 = Debug|Any CPU
		{DAE27C7D-3BF5-0DA4-A4D1-E12DD069B217}.Release|Any CPU.ActiveCfg = Release|Any CPU
		{DAE27C7D-3BF5-0DA4-A4D1-E12DD069B217}.Release|Any CPU.Build.0 = Release|Any CPU
	EndGlobalSection
	GlobalSection(SolutionProperties) = preSolution
		HideSolutionNode = FALSE
	EndGlobalSection
	GlobalSection(MonoDevelopProperties) = preSolution
		StartupItem = Assembly-CSharp.csproj
	EndGlobalSection
EndGlobal
