
Microsoft Visual Studio Solution File, Format Version 12.00
# Visual Studio 2017
Project("{FAE04EC0-301F-11D3-BF4B-00C04F79EFBC}") = "After the good man", "After the good man.csproj", "{20A7C8E5-C07B-E1EC-EE53-1B72E4CD7EFE}"
EndProject
Global
	GlobalSection(SolutionConfigurationPlatforms) = preSolution
		Debug|Any CPU = Debug|Any CPU
		Release|Any CPU = Release|Any CPU
	EndGlobalSection
	GlobalSection(ProjectConfigurationPlatforms) = postSolution
		{20A7C8E5-C07B-E1EC-EE53-1B72E4CD7EFE}.Debug|Any CPU.ActiveCfg = Debug|Any CPU
		{20A7C8E5-C07B-E1EC-EE53-1B72E4CD7EFE}.Debug|Any CPU.Build.0 = Debug|Any CPU
		{20A7C8E5-C07B-E1EC-EE53-1B72E4CD7EFE}.Release|Any CPU.ActiveCfg = Release|Any CPU
		{20A7C8E5-C07B-E1EC-EE53-1B72E4CD7EFE}.Release|Any CPU.Build.0 = Release|Any CPU
	EndGlobalSection
	GlobalSection(SolutionProperties) = preSolution
		HideSolutionNode = FALSE
	EndGlobalSection
EndGlobal
