
Microsoft Visual Studio Solution File, Format Version 11.00
# Visual Studio 2010
Project("{FAE04EC0-301F-11D3-BF4B-00C04F79EFBC}") = "After the good man", "Assembly-CSharp.csproj", "{F12976A9-A50B-747C-B3EF-5AFEDD302DF0}"
EndProject
Global
	GlobalSection(SolutionConfigurationPlatforms) = preSolution
		Debug|Any CPU = Debug|Any CPU
		Release|Any CPU = Release|Any CPU
	EndGlobalSection
	GlobalSection(ProjectConfigurationPlatforms) = postSolution
		{F12976A9-A50B-747C-B3EF-5AFEDD302DF0}.Debug|Any CPU.ActiveCfg = Debug|Any CPU
		{F12976A9-A50B-747C-B3EF-5AFEDD302DF0}.Debug|Any CPU.Build.0 = Debug|Any CPU
		{F12976A9-A50B-747C-B3EF-5AFEDD302DF0}.Release|Any CPU.ActiveCfg = Release|Any CPU
		{F12976A9-A50B-747C-B3EF-5AFEDD302DF0}.Release|Any CPU.Build.0 = Release|Any CPU
	EndGlobalSection
	GlobalSection(SolutionProperties) = preSolution
		HideSolutionNode = FALSE
	EndGlobalSection
	GlobalSection(MonoDevelopProperties) = preSolution
		StartupItem = Assembly-CSharp.csproj
	EndGlobalSection
EndGlobal
