
Microsoft Visual Studio Solution File, Format Version 12.00
# Visual Studio 2017
Project("{FAE04EC0-301F-11D3-BF4B-00C04F79EFBC}") = "ADD fade script test on scene a", "ADD fade script test on scene a.csproj", "{8C3D62D0-1759-8ED8-161D-08D7768044FD}"
EndProject
Project("{FAE04EC0-301F-11D3-BF4B-00C04F79EFBC}") = "ADD fade script test on scene a.Editor", "ADD fade script test on scene a.Editor.csproj", "{A4A5486B-0496-2BFB-1E50-9164736D35FD}"
EndProject
Global
	GlobalSection(SolutionConfigurationPlatforms) = preSolution
		Debug|Any CPU = Debug|Any CPU
		Release|Any CPU = Release|Any CPU
	EndGlobalSection
	GlobalSection(ProjectConfigurationPlatforms) = postSolution
		{8C3D62D0-1759-8ED8-161D-08D7768044FD}.Debug|Any CPU.ActiveCfg = Debug|Any CPU
		{8C3D62D0-1759-8ED8-161D-08D7768044FD}.Debug|Any CPU.Build.0 = Debug|Any CPU
		{8C3D62D0-1759-8ED8-161D-08D7768044FD}.Release|Any CPU.ActiveCfg = Release|Any CPU
		{8C3D62D0-1759-8ED8-161D-08D7768044FD}.Release|Any CPU.Build.0 = Release|Any CPU
		{A4A5486B-0496-2BFB-1E50-9164736D35FD}.Debug|Any CPU.ActiveCfg = Debug|Any CPU
		{A4A5486B-0496-2BFB-1E50-9164736D35FD}.Debug|Any CPU.Build.0 = Debug|Any CPU
		{A4A5486B-0496-2BFB-1E50-9164736D35FD}.Release|Any CPU.ActiveCfg = Release|Any CPU
		{A4A5486B-0496-2BFB-1E50-9164736D35FD}.Release|Any CPU.Build.0 = Release|Any CPU
	EndGlobalSection
	GlobalSection(SolutionProperties) = preSolution
		HideSolutionNode = FALSE
	EndGlobalSection
EndGlobal
